
Microsoft Visual Studio Solution File, Format Version 12.00
# Visual Studio Version 16
VisualStudioVersion = 16.0.30611.23
MinimumVisualStudioVersion = 10.0.40219.1
Project("{2150E333-8FDC-42A3-9474-1A3956D46DE8}") = "src", "src", "{DDE7C0CA-5BA9-4661-845F-BC545D0F829C}"
EndProject
Project("{2150E333-8FDC-42A3-9474-1A3956D46DE8}") = "Catalog", "Catalog", "{B8BC8982-B828-42C6-B699-EE2E49023621}"
EndProject
Project("{E53339B2-1760-4266-BCC7-CA923CBCF16C}") = "docker-compose", "docker-compose.dcproj", "{4CF3CAA2-95AC-4C73-B11C-0AFF24A65BF5}"
EndProject
Project("{2150E333-8FDC-42A3-9474-1A3956D46DE8}") = "Basket", "Basket", "{DBE63E40-A81F-4A3D-916C-1B65968E041E}"
EndProject
Project("{9A19103F-16F7-4668-BE54-9A1E7A4F7556}") = "Basket.API", "src\Basket\Basket.API\Basket.API.csproj", "{0E3EAC90-2948-4B89-8DBC-3A2FD6E7C403}"
EndProject
Project("{9A19103F-16F7-4668-BE54-9A1E7A4F7556}") = "Catalog.API", "src\Catalog\Catalog.API\Catalog.API.csproj", "{D7CB810E-29D8-4721-AF32-41A19B389DEE}"
EndProject
Global
	GlobalSection(SolutionConfigurationPlatforms) = preSolution
		Debug|Any CPU = Debug|Any CPU
		Release|Any CPU = Release|Any CPU
	EndGlobalSection
	GlobalSection(ProjectConfigurationPlatforms) = postSolution
		{4CF3CAA2-95AC-4C73-B11C-0AFF24A65BF5}.Debug|Any CPU.ActiveCfg = Debug|Any CPU
		{4CF3CAA2-95AC-4C73-B11C-0AFF24A65BF5}.Debug|Any CPU.Build.0 = Debug|Any CPU
		{4CF3CAA2-95AC-4C73-B11C-0AFF24A65BF5}.Release|Any CPU.ActiveCfg = Release|Any CPU
		{4CF3CAA2-95AC-4C73-B11C-0AFF24A65BF5}.Release|Any CPU.Build.0 = Release|Any CPU
		{0E3EAC90-2948-4B89-8DBC-3A2FD6E7C403}.Debug|Any CPU.ActiveCfg = Debug|Any CPU
		{0E3EAC90-2948-4B89-8DBC-3A2FD6E7C403}.Debug|Any CPU.Build.0 = Debug|Any CPU
		{0E3EAC90-2948-4B89-8DBC-3A2FD6E7C403}.Release|Any CPU.ActiveCfg = Release|Any CPU
		{0E3EAC90-2948-4B89-8DBC-3A2FD6E7C403}.Release|Any CPU.Build.0 = Release|Any CPU
		{D7CB810E-29D8-4721-AF32-41A19B389DEE}.Debug|Any CPU.ActiveCfg = Debug|Any CPU
		{D7CB810E-29D8-4721-AF32-41A19B389DEE}.Debug|Any CPU.Build.0 = Debug|Any CPU
		{D7CB810E-29D8-4721-AF32-41A19B389DEE}.Release|Any CPU.ActiveCfg = Release|Any CPU
		{D7CB810E-29D8-4721-AF32-41A19B389DEE}.Release|Any CPU.Build.0 = Release|Any CPU
	EndGlobalSection
	GlobalSection(SolutionProperties) = preSolution
		HideSolutionNode = FALSE
	EndGlobalSection
	GlobalSection(NestedProjects) = preSolution
		{B8BC8982-B828-42C6-B699-EE2E49023621} = {DDE7C0CA-5BA9-4661-845F-BC545D0F829C}
		{DBE63E40-A81F-4A3D-916C-1B65968E041E} = {DDE7C0CA-5BA9-4661-845F-BC545D0F829C}
		{0E3EAC90-2948-4B89-8DBC-3A2FD6E7C403} = {DBE63E40-A81F-4A3D-916C-1B65968E041E}
		{D7CB810E-29D8-4721-AF32-41A19B389DEE} = {B8BC8982-B828-42C6-B699-EE2E49023621}
	EndGlobalSection
	GlobalSection(ExtensibilityGlobals) = postSolution
		SolutionGuid = {C512D000-4937-4464-B859-6F2FB94DE6E1}
	EndGlobalSection
EndGlobal
